Microsoft Visual Studio Solution File, Format Version 12.00
# Visual Studio Version 17
VisualStudioVersion = 17.5.2.0
MinimumVisualStudioVersion = 10.0.40219.1
Project("{2150E333-8FDC-42A3-9474-1A3956D46DE8}") = "SomeRSet", "SomeRSet", "{B34C939E-57DA-9046-722C-B8B3D00084F1}"
EndProject
Project("{2150E333-8FDC-42A3-9474-1A3956D46DE8}") = "src", "src", "{2B3EA084-5E5B-CCF7-2BB4-63EBEFDE02E4}"
EndProject
Project("{FAE04EC0-301F-11D3-BF4B-00C04F79EFBC}") = "SomeRSet", "SomeRSet\src\SomeRSet\SomeRSet.csproj", "{8F8DB6F9-B687-8637-D16B-0BC21828EF46}"
EndProject
Project("{2150E333-8FDC-42A3-9474-1A3956D46DE8}") = "tests", "tests", "{87341AEC-3D2D-96BC-C7E2-32195E696400}"
EndProject
Project("{FAE04EC0-301F-11D3-BF4B-00C04F79EFBC}") = "SomeRSet.Tests", "SomeRSet\tests\SomeRSet.Tests\SomeRSet.Tests.csproj", "{62E15434-8338-0839-5789-DA59E960FCAE}"
EndProject
Global
	GlobalSection(SolutionConfigurationPlatforms) = preSolution
		Debug|Any CPU = Debug|Any CPU
		Release|Any CPU = Release|Any CPU
	EndGlobalSection
	GlobalSection(ProjectConfigurationPlatforms) = postSolution
		{8F8DB6F9-B687-8637-D16B-0BC21828EF46}.Debug|Any CPU.ActiveCfg = Debug|Any CPU
		{8F8DB6F9-B687-8637-D16B-0BC21828EF46}.Debug|Any CPU.Build.0 = Debug|Any CPU
		{8F8DB6F9-B687-8637-D16B-0BC21828EF46}.Release|Any CPU.ActiveCfg = Release|Any CPU
		{8F8DB6F9-B687-8637-D16B-0BC21828EF46}.Release|Any CPU.Build.0 = Release|Any CPU
		{62E15434-8338-0839-5789-DA59E960FCAE}.Debug|Any CPU.ActiveCfg = Debug|Any CPU
		{62E15434-8338-0839-5789-DA59E960FCAE}.Debug|Any CPU.Build.0 = Debug|Any CPU
		{62E15434-8338-0839-5789-DA59E960FCAE}.Release|Any CPU.ActiveCfg = Release|Any CPU
		{62E15434-8338-0839-5789-DA59E960FCAE}.Release|Any CPU.Build.0 = Release|Any CPU
	EndGlobalSection
	GlobalSection(SolutionProperties) = preSolution
		HideSolutionNode = FALSE
	EndGlobalSection
	GlobalSection(NestedProjects) = preSolution
		{2B3EA084-5E5B-CCF7-2BB4-63EBEFDE02E4} = {B34C939E-57DA-9046-722C-B8B3D00084F1}
		{8F8DB6F9-B687-8637-D16B-0BC21828EF46} = {2B3EA084-5E5B-CCF7-2BB4-63EBEFDE02E4}
		{87341AEC-3D2D-96BC-C7E2-32195E696400} = {B34C939E-57DA-9046-722C-B8B3D00084F1}
		{62E15434-8338-0839-5789-DA59E960FCAE} = {87341AEC-3D2D-96BC-C7E2-32195E696400}
	EndGlobalSection
	GlobalSection(ExtensibilityGlobals) = postSolution
		SolutionGuid = {E2841163-91DC-4C8E-83B1-A08EEE0322F0}
	EndGlobalSection
EndGlobal
